
Microsoft Visual Studio Solution File, Format Version 12.00
Project("{FAE04EC0-301F-11D3-BF4B-00C04F79EFBC}") = "ComputerInventoryAPI", "ComputerInventoryAPI\ComputerInventoryAPI.csproj", "{F2E4D7A5-C977-49FD-8F78-D65467CAFFAC}"
EndProject
Global
	GlobalSection(SolutionConfigurationPlatforms) = preSolution
		Debug|Any CPU = Debug|Any CPU
		Release|Any CPU = Release|Any CPU
	EndGlobalSection
	GlobalSection(ProjectConfigurationPlatforms) = postSolution
		{F2E4D7A5-C977-49FD-8F78-D65467CAFFAC}.Debug|Any CPU.ActiveCfg = Debug|Any CPU
		{F2E4D7A5-C977-49FD-8F78-D65467CAFFAC}.Debug|Any CPU.Build.0 = Debug|Any CPU
		{F2E4D7A5-C977-49FD-8F78-D65467CAFFAC}.Release|Any CPU.ActiveCfg = Release|Any CPU
		{F2E4D7A5-C977-49FD-8F78-D65467CAFFAC}.Release|Any CPU.Build.0 = Release|Any CPU
	EndGlobalSection
EndGlobal
